
Microsoft Visual Studio Solution File, Format Version 12.00
# Visual Studio Version 16
VisualStudioVersion = 16.0.31129.286
MinimumVisualStudioVersion = 10.0.40219.1
Project("{8BC9CEB8-8B4A-11D0-8D11-00A0C91BC942}") = "DataTypes", "DataTypes\DataTypes.vcxproj", "{AA6523D2-16CC-4FCD-B7F4-A6B4B6445223}"
EndProject
Project("{8BC9CEB8-8B4A-11D0-8D11-00A0C91BC942}") = "Sandwhich", "Sandwhich\Sandwhich.vcxproj", "{4500CA9C-B283-4F98-85B2-86E9443C9133}"
EndProject
Project("{8BC9CEB8-8B4A-11D0-8D11-00A0C91BC942}") = "UserDataySandwhich", "UserDataySandwhich\UserDataySandwhich.vcxproj", "{CBA6CD9A-65CD-4DCA-9AE4-4B946994D986}"
EndProject
Project("{8BC9CEB8-8B4A-11D0-8D11-00A0C91BC942}") = "UserDataTypes", "UserDataTypes\UserDataTypes.vcxproj", "{E0E3B15A-0039-4636-90D6-4463E2DB3CB7}"
EndProject
Project("{8BC9CEB8-8B4A-11D0-8D11-00A0C91BC942}") = "Memory", "Memory\Memory.vcxproj", "{A78F2729-4714-47E4-8EB6-8208C4E2A19B}"
EndProject
Project("{8BC9CEB8-8B4A-11D0-8D11-00A0C91BC942}") = "MemoryReview", "MemoryReview\MemoryReview.vcxproj", "{E84F5ED4-7A32-4FA6-80C1-309BEDAD32BD}"
EndProject
Project("{8BC9CEB8-8B4A-11D0-8D11-00A0C91BC942}") = "OOP", "OOP\OOP.vcxproj", "{C028DA4F-40FF-48EC-BB31-2997AC590733}"
EndProject
Project("{8BC9CEB8-8B4A-11D0-8D11-00A0C91BC942}") = "Database", "Database\Database.vcxproj", "{6FCE4003-D260-487E-9747-B1C34FEF4A3E}"
EndProject
Project("{8BC9CEB8-8B4A-11D0-8D11-00A0C91BC942}") = "Stream", "Stream\Stream.vcxproj", "{2BA9C3CE-5CF8-4717-BB46-75C39929D4D3}"
EndProject
Project("{8BC9CEB8-8B4A-11D0-8D11-00A0C91BC942}") = "DatabaseStream", "DatabaseStream\DatabaseStream.vcxproj", "{E0A1C27E-548F-4B17-B1F6-46F460CF082C}"
EndProject
Global
	GlobalSection(SolutionConfigurationPlatforms) = preSolution
		Debug|x64 = Debug|x64
		Debug|x86 = Debug|x86
		Release|x64 = Release|x64
		Release|x86 = Release|x86
	EndGlobalSection
	GlobalSection(ProjectConfigurationPlatforms) = postSolution
		{AA6523D2-16CC-4FCD-B7F4-A6B4B6445223}.Debug|x64.ActiveCfg = Debug|x64
		{AA6523D2-16CC-4FCD-B7F4-A6B4B6445223}.Debug|x64.Build.0 = Debug|x64
		{AA6523D2-16CC-4FCD-B7F4-A6B4B6445223}.Debug|x86.ActiveCfg = Debug|Win32
		{AA6523D2-16CC-4FCD-B7F4-A6B4B6445223}.Debug|x86.Build.0 = Debug|Win32
		{AA6523D2-16CC-4FCD-B7F4-A6B4B6445223}.Release|x64.ActiveCfg = Release|x64
		{AA6523D2-16CC-4FCD-B7F4-A6B4B6445223}.Release|x64.Build.0 = Release|x64
		{AA6523D2-16CC-4FCD-B7F4-A6B4B6445223}.Release|x86.ActiveCfg = Release|Win32
		{AA6523D2-16CC-4FCD-B7F4-A6B4B6445223}.Release|x86.Build.0 = Release|Win32
		{4500CA9C-B283-4F98-85B2-86E9443C9133}.Debug|x64.ActiveCfg = Debug|x64
		{4500CA9C-B283-4F98-85B2-86E9443C9133}.Debug|x64.Build.0 = Debug|x64
		{4500CA9C-B283-4F98-85B2-86E9443C9133}.Debug|x86.ActiveCfg = Debug|Win32
		{4500CA9C-B283-4F98-85B2-86E9443C9133}.Debug|x86.Build.0 = Debug|Win32
		{4500CA9C-B283-4F98-85B2-86E9443C9133}.Release|x64.ActiveCfg = Release|x64
		{4500CA9C-B283-4F98-85B2-86E9443C9133}.Release|x64.Build.0 = Release|x64
		{4500CA9C-B283-4F98-85B2-86E9443C9133}.Release|x86.ActiveCfg = Release|Win32
		{4500CA9C-B283-4F98-85B2-86E9443C9133}.Release|x86.Build.0 = Release|Win32
		{CBA6CD9A-65CD-4DCA-9AE4-4B946994D986}.Debug|x64.ActiveCfg = Debug|x64
		{CBA6CD9A-65CD-4DCA-9AE4-4B946994D986}.Debug|x64.Build.0 = Debug|x64
		{CBA6CD9A-65CD-4DCA-9AE4-4B946994D986}.Debug|x86.ActiveCfg = Debug|Win32
		{CBA6CD9A-65CD-4DCA-9AE4-4B946994D986}.Debug|x86.Build.0 = Debug|Win32
		{CBA6CD9A-65CD-4DCA-9AE4-4B946994D986}.Release|x64.ActiveCfg = Release|x64
		{CBA6CD9A-65CD-4DCA-9AE4-4B946994D986}.Release|x64.Build.0 = Release|x64
		{CBA6CD9A-65CD-4DCA-9AE4-4B946994D986}.Release|x86.ActiveCfg = Release|Win32
		{CBA6CD9A-65CD-4DCA-9AE4-4B946994D986}.Release|x86.Build.0 = Release|Win32
		{E0E3B15A-0039-4636-90D6-4463E2DB3CB7}.Debug|x64.ActiveCfg = Debug|x64
		{E0E3B15A-0039-4636-90D6-4463E2DB3CB7}.Debug|x64.Build.0 = Debug|x64
		{E0E3B15A-0039-4636-90D6-4463E2DB3CB7}.Debug|x86.ActiveCfg = Debug|Win32
		{E0E3B15A-0039-4636-90D6-4463E2DB3CB7}.Debug|x86.Build.0 = Debug|Win32
		{E0E3B15A-0039-4636-90D6-4463E2DB3CB7}.Release|x64.ActiveCfg = Release|x64
		{E0E3B15A-0039-4636-90D6-4463E2DB3CB7}.Release|x64.Build.0 = Release|x64
		{E0E3B15A-0039-4636-90D6-4463E2DB3CB7}.Release|x86.ActiveCfg = Release|Win32
		{E0E3B15A-0039-4636-90D6-4463E2DB3CB7}.Release|x86.Build.0 = Release|Win32
		{A78F2729-4714-47E4-8EB6-8208C4E2A19B}.Debug|x64.ActiveCfg = Debug|x64
		{A78F2729-4714-47E4-8EB6-8208C4E2A19B}.Debug|x64.Build.0 = Debug|x64
		{A78F2729-4714-47E4-8EB6-8208C4E2A19B}.Debug|x86.ActiveCfg = Debug|Win32
		{A78F2729-4714-47E4-8EB6-8208C4E2A19B}.Debug|x86.Build.0 = Debug|Win32
		{A78F2729-4714-47E4-8EB6-8208C4E2A19B}.Release|x64.ActiveCfg = Release|x64
		{A78F2729-4714-47E4-8EB6-8208C4E2A19B}.Release|x64.Build.0 = Release|x64
		{A78F2729-4714-47E4-8EB6-8208C4E2A19B}.Release|x86.ActiveCfg = Release|Win32
		{A78F2729-4714-47E4-8EB6-8208C4E2A19B}.Release|x86.Build.0 = Release|Win32
		{E84F5ED4-7A32-4FA6-80C1-309BEDAD32BD}.Debug|x64.ActiveCfg = Debug|x64
		{E84F5ED4-7A32-4FA6-80C1-309BEDAD32BD}.Debug|x64.Build.0 = Debug|x64
		{E84F5ED4-7A32-4FA6-80C1-309BEDAD32BD}.Debug|x86.ActiveCfg = Debug|Win32
		{E84F5ED4-7A32-4FA6-80C1-309BEDAD32BD}.Debug|x86.Build.0 = Debug|Win32
		{E84F5ED4-7A32-4FA6-80C1-309BEDAD32BD}.Release|x64.ActiveCfg = Release|x64
		{E84F5ED4-7A32-4FA6-80C1-309BEDAD32BD}.Release|x64.Build.0 = Release|x64
		{E84F5ED4-7A32-4FA6-80C1-309BEDAD32BD}.Release|x86.ActiveCfg = Release|Win32
		{E84F5ED4-7A32-4FA6-80C1-309BEDAD32BD}.Release|x86.Build.0 = Release|Win32
		{C028DA4F-40FF-48EC-BB31-2997AC590733}.Debug|x64.ActiveCfg = Debug|x64
		{C028DA4F-40FF-48EC-BB31-2997AC590733}.Debug|x64.Build.0 = Debug|x64
		{C028DA4F-40FF-48EC-BB31-2997AC590733}.Debug|x86.ActiveCfg = Debug|Win32
		{C028DA4F-40FF-48EC-BB31-2997AC590733}.Debug|x86.Build.0 = Debug|Win32
		{C028DA4F-40FF-48EC-BB31-2997AC590733}.Release|x64.ActiveCfg = Release|x64
		{C028DA4F-40FF-48EC-BB31-2997AC590733}.Release|x64.Build.0 = Release|x64
		{C028DA4F-40FF-48EC-BB31-2997AC590733}.Release|x86.ActiveCfg = Release|Win32
		{C028DA4F-40FF-48EC-BB31-2997AC590733}.Release|x86.Build.0 = Release|Win32
		{6FCE4003-D260-487E-9747-B1C34FEF4A3E}.Debug|x64.ActiveCfg = Debug|x64
		{6FCE4003-D260-487E-9747-B1C34FEF4A3E}.Debug|x64.Build.0 = Debug|x64
		{6FCE4003-D260-487E-9747-B1C34FEF4A3E}.Debug|x86.ActiveCfg = Debug|Win32
		{6FCE4003-D260-487E-9747-B1C34FEF4A3E}.Debug|x86.Build.0 = Debug|Win32
		{6FCE4003-D260-487E-9747-B1C34FEF4A3E}.Release|x64.ActiveCfg = Release|x64
		{6FCE4003-D260-487E-9747-B1C34FEF4A3E}.Release|x64.Build.0 = Release|x64
		{6FCE4003-D260-487E-9747-B1C34FEF4A3E}.Release|x86.ActiveCfg = Release|Win32
		{6FCE4003-D260-487E-9747-B1C34FEF4A3E}.Release|x86.Build.0 = Release|Win32
		{2BA9C3CE-5CF8-4717-BB46-75C39929D4D3}.Debug|x64.ActiveCfg = Debug|x64
		{2BA9C3CE-5CF8-4717-BB46-75C39929D4D3}.Debug|x64.Build.0 = Debug|x64
		{2BA9C3CE-5CF8-4717-BB46-75C39929D4D3}.Debug|x86.ActiveCfg = Debug|Win32
		{2BA9C3CE-5CF8-4717-BB46-75C39929D4D3}.Debug|x86.Build.0 = Debug|Win32
		{2BA9C3CE-5CF8-4717-BB46-75C39929D4D3}.Release|x64.ActiveCfg = Release|x64
		{2BA9C3CE-5CF8-4717-BB46-75C39929D4D3}.Release|x64.Build.0 = Release|x64
		{2BA9C3CE-5CF8-4717-BB46-75C39929D4D3}.Release|x86.ActiveCfg = Release|Win32
		{2BA9C3CE-5CF8-4717-BB46-75C39929D4D3}.Release|x86.Build.0 = Release|Win32
		{E0A1C27E-548F-4B17-B1F6-46F460CF082C}.Debug|x64.ActiveCfg = Debug|x64
		{E0A1C27E-548F-4B17-B1F6-46F460CF082C}.Debug|x64.Build.0 = Debug|x64
		{E0A1C27E-548F-4B17-B1F6-46F460CF082C}.Debug|x86.ActiveCfg = Debug|Win32
		{E0A1C27E-548F-4B17-B1F6-46F460CF082C}.Debug|x86.Build.0 = Debug|Win32
		{E0A1C27E-548F-4B17-B1F6-46F460CF082C}.Release|x64.ActiveCfg = Release|x64
		{E0A1C27E-548F-4B17-B1F6-46F460CF082C}.Release|x64.Build.0 = Release|x64
		{E0A1C27E-548F-4B17-B1F6-46F460CF082C}.Release|x86.ActiveCfg = Release|Win32
		{E0A1C27E-548F-4B17-B1F6-46F460CF082C}.Release|x86.Build.0 = Release|Win32
	EndGlobalSection
	GlobalSection(SolutionProperties) = preSolution
		HideSolutionNode = FALSE
	EndGlobalSection
	GlobalSection(ExtensibilityGlobals) = postSolution
		SolutionGuid = {BDA6E658-01FB-4268-A02B-CF7516F62133}
	EndGlobalSection
EndGlobal
